
Microsoft Visual Studio Solution File, Format Version 12.00
# Visual Studio 2012
Project("{FAE04EC0-301F-11D3-BF4B-00C04F79EFBC}") = "test123", "test123\test123.csproj", "{1894960F-6333-48E3-B69D-99BC960D738F}"
EndProject
Project("{FAE04EC0-301F-11D3-BF4B-00C04F79EFBC}") = "test123.Droid", "Droid\test123.Droid.csproj", "{D14EAA1F-3486-46F8-B0A8-B59C2E2983B2}"
EndProject
Project("{FAE04EC0-301F-11D3-BF4B-00C04F79EFBC}") = "test123.UITests", "UITests\test123.UITests.csproj", "{BAC2EE68-9EE5-4011-B45B-AB411145C013}"
EndProject
Global
	GlobalSection(SolutionConfigurationPlatforms) = preSolution
		Debug|Any CPU = Debug|Any CPU
		Release|Any CPU = Release|Any CPU
	EndGlobalSection
	GlobalSection(ProjectConfigurationPlatforms) = postSolution
		{1894960F-6333-48E3-B69D-99BC960D738F}.Debug|Any CPU.ActiveCfg = Debug|Any CPU
		{1894960F-6333-48E3-B69D-99BC960D738F}.Debug|Any CPU.Build.0 = Debug|Any CPU
		{1894960F-6333-48E3-B69D-99BC960D738F}.Release|Any CPU.ActiveCfg = Release|Any CPU
		{1894960F-6333-48E3-B69D-99BC960D738F}.Release|Any CPU.Build.0 = Release|Any CPU
		{BAC2EE68-9EE5-4011-B45B-AB411145C013}.Debug|Any CPU.ActiveCfg = Debug|Any CPU
		{BAC2EE68-9EE5-4011-B45B-AB411145C013}.Debug|Any CPU.Build.0 = Debug|Any CPU
		{BAC2EE68-9EE5-4011-B45B-AB411145C013}.Release|Any CPU.ActiveCfg = Release|Any CPU
		{BAC2EE68-9EE5-4011-B45B-AB411145C013}.Release|Any CPU.Build.0 = Release|Any CPU
		{D14EAA1F-3486-46F8-B0A8-B59C2E2983B2}.Debug|Any CPU.ActiveCfg = Debug|Any CPU
		{D14EAA1F-3486-46F8-B0A8-B59C2E2983B2}.Debug|Any CPU.Build.0 = Debug|Any CPU
		{D14EAA1F-3486-46F8-B0A8-B59C2E2983B2}.Release|Any CPU.ActiveCfg = Release|Any CPU
		{D14EAA1F-3486-46F8-B0A8-B59C2E2983B2}.Release|Any CPU.Build.0 = Release|Any CPU
	EndGlobalSection
EndGlobal
